
Microsoft Visual Studio Solution File, Format Version 12.00
# Visual Studio Version 17
VisualStudioVersion = 17.6.33801.468
MinimumVisualStudioVersion = 10.0.40219.1
Project("{54A90642-561A-4BB1-A94E-469ADEE60C69}") = "angularapp", "angularapp\angularapp.esproj", "{942628A9-A1CF-4953-A514-0ADDE626393E}"
EndProject
Project("{9A19103F-16F7-4668-BE54-9A1E7A4F7556}") = "webapi", "webapi\webapi.csproj", "{A7A721B7-CBCE-472B-93CB-764DAB1CA186}"
EndProject
Global
	GlobalSection(SolutionConfigurationPlatforms) = preSolution
		Debug|Any CPU = Debug|Any CPU
		Release|Any CPU = Release|Any CPU
	EndGlobalSection
	GlobalSection(ProjectConfigurationPlatforms) = postSolution
		{942628A9-A1CF-4953-A514-0ADDE626393E}.Debug|Any CPU.ActiveCfg = Debug|Any CPU
		{942628A9-A1CF-4953-A514-0ADDE626393E}.Debug|Any CPU.Build.0 = Debug|Any CPU
		{942628A9-A1CF-4953-A514-0ADDE626393E}.Debug|Any CPU.Deploy.0 = Debug|Any CPU
		{942628A9-A1CF-4953-A514-0ADDE626393E}.Release|Any CPU.ActiveCfg = Release|Any CPU
		{942628A9-A1CF-4953-A514-0ADDE626393E}.Release|Any CPU.Build.0 = Release|Any CPU
		{942628A9-A1CF-4953-A514-0ADDE626393E}.Release|Any CPU.Deploy.0 = Release|Any CPU
		{A7A721B7-CBCE-472B-93CB-764DAB1CA186}.Debug|Any CPU.ActiveCfg = Debug|Any CPU
		{A7A721B7-CBCE-472B-93CB-764DAB1CA186}.Debug|Any CPU.Build.0 = Debug|Any CPU
		{A7A721B7-CBCE-472B-93CB-764DAB1CA186}.Release|Any CPU.ActiveCfg = Release|Any CPU
		{A7A721B7-CBCE-472B-93CB-764DAB1CA186}.Release|Any CPU.Build.0 = Release|Any CPU
	EndGlobalSection
	GlobalSection(SolutionProperties) = preSolution
		HideSolutionNode = FALSE
	EndGlobalSection
	GlobalSection(ExtensibilityGlobals) = postSolution
		SolutionGuid = {C3AF2451-B6AC-4909-A1BA-2C1E4B3513CA}
	EndGlobalSection
EndGlobal
